
Microsoft Visual Studio Solution File, Format Version 12.00
# Visual Studio 14
VisualStudioVersion = 14.0.24720.0
MinimumVisualStudioVersion = 10.0.40219.1
Project("{8BC9CEB8-8B4A-11D0-8D11-00A0C91BC942}") = "01_convolution_demo", "01_convolution_demo\convolution_demo.vcxproj", "{D3995AB0-4995-408E-BA03-9226C5FA545B}"
EndProject
Project("{8BC9CEB8-8B4A-11D0-8D11-00A0C91BC942}") = "02_mnist", "02_mnist\mnist.vcxproj", "{CEE2B5A5-C66F-4C79-A467-800EE135389B}"
EndProject
Project("{8BC9CEB8-8B4A-11D0-8D11-00A0C91BC942}") = "03_perceptron_learning_rule", "03_perceptron_learning_rule\perceptron_learning_rule.vcxproj", "{2ACCFF1D-0CBD-4F20-9747-B92473E07A0A}"
EndProject
Project("{8BC9CEB8-8B4A-11D0-8D11-00A0C91BC942}") = "04_multi_layer_perceptron", "04_multi_layer_perceptron\04_multi_layer_perceptron.vcxproj", "{7988B8CB-D349-483A-8780-84FE52294521}"
EndProject
Project("{8BC9CEB8-8B4A-11D0-8D11-00A0C91BC942}") = "05_backpropagation", "05_backpropagation\05_backpropagation.vcxproj", "{868FC123-AD3A-4AE8-ABCB-F0C027AC483B}"
EndProject
Global
	GlobalSection(SolutionConfigurationPlatforms) = preSolution
		Debug|x64 = Debug|x64
		Debug|x86 = Debug|x86
		Release|x64 = Release|x64
		Release|x86 = Release|x86
	EndGlobalSection
	GlobalSection(ProjectConfigurationPlatforms) = postSolution
		{D3995AB0-4995-408E-BA03-9226C5FA545B}.Debug|x64.ActiveCfg = Debug|x64
		{D3995AB0-4995-408E-BA03-9226C5FA545B}.Debug|x64.Build.0 = Debug|x64
		{D3995AB0-4995-408E-BA03-9226C5FA545B}.Debug|x86.ActiveCfg = Debug|Win32
		{D3995AB0-4995-408E-BA03-9226C5FA545B}.Debug|x86.Build.0 = Debug|Win32
		{D3995AB0-4995-408E-BA03-9226C5FA545B}.Release|x64.ActiveCfg = Release|x64
		{D3995AB0-4995-408E-BA03-9226C5FA545B}.Release|x64.Build.0 = Release|x64
		{D3995AB0-4995-408E-BA03-9226C5FA545B}.Release|x86.ActiveCfg = Release|Win32
		{D3995AB0-4995-408E-BA03-9226C5FA545B}.Release|x86.Build.0 = Release|Win32
		{CEE2B5A5-C66F-4C79-A467-800EE135389B}.Debug|x64.ActiveCfg = Debug|x64
		{CEE2B5A5-C66F-4C79-A467-800EE135389B}.Debug|x64.Build.0 = Debug|x64
		{CEE2B5A5-C66F-4C79-A467-800EE135389B}.Debug|x86.ActiveCfg = Debug|Win32
		{CEE2B5A5-C66F-4C79-A467-800EE135389B}.Debug|x86.Build.0 = Debug|Win32
		{CEE2B5A5-C66F-4C79-A467-800EE135389B}.Release|x64.ActiveCfg = Release|x64
		{CEE2B5A5-C66F-4C79-A467-800EE135389B}.Release|x64.Build.0 = Release|x64
		{CEE2B5A5-C66F-4C79-A467-800EE135389B}.Release|x86.ActiveCfg = Release|Win32
		{CEE2B5A5-C66F-4C79-A467-800EE135389B}.Release|x86.Build.0 = Release|Win32
		{2ACCFF1D-0CBD-4F20-9747-B92473E07A0A}.Debug|x64.ActiveCfg = Debug|x64
		{2ACCFF1D-0CBD-4F20-9747-B92473E07A0A}.Debug|x64.Build.0 = Debug|x64
		{2ACCFF1D-0CBD-4F20-9747-B92473E07A0A}.Debug|x86.ActiveCfg = Debug|Win32
		{2ACCFF1D-0CBD-4F20-9747-B92473E07A0A}.Debug|x86.Build.0 = Debug|Win32
		{2ACCFF1D-0CBD-4F20-9747-B92473E07A0A}.Release|x64.ActiveCfg = Release|x64
		{2ACCFF1D-0CBD-4F20-9747-B92473E07A0A}.Release|x64.Build.0 = Release|x64
		{2ACCFF1D-0CBD-4F20-9747-B92473E07A0A}.Release|x86.ActiveCfg = Release|Win32
		{2ACCFF1D-0CBD-4F20-9747-B92473E07A0A}.Release|x86.Build.0 = Release|Win32
		{7988B8CB-D349-483A-8780-84FE52294521}.Debug|x64.ActiveCfg = Debug|x64
		{7988B8CB-D349-483A-8780-84FE52294521}.Debug|x64.Build.0 = Debug|x64
		{7988B8CB-D349-483A-8780-84FE52294521}.Debug|x86.ActiveCfg = Debug|Win32
		{7988B8CB-D349-483A-8780-84FE52294521}.Debug|x86.Build.0 = Debug|Win32
		{7988B8CB-D349-483A-8780-84FE52294521}.Release|x64.ActiveCfg = Release|x64
		{7988B8CB-D349-483A-8780-84FE52294521}.Release|x64.Build.0 = Release|x64
		{7988B8CB-D349-483A-8780-84FE52294521}.Release|x86.ActiveCfg = Release|Win32
		{7988B8CB-D349-483A-8780-84FE52294521}.Release|x86.Build.0 = Release|Win32
		{868FC123-AD3A-4AE8-ABCB-F0C027AC483B}.Debug|x64.ActiveCfg = Debug|x64
		{868FC123-AD3A-4AE8-ABCB-F0C027AC483B}.Debug|x64.Build.0 = Debug|x64
		{868FC123-AD3A-4AE8-ABCB-F0C027AC483B}.Debug|x86.ActiveCfg = Debug|Win32
		{868FC123-AD3A-4AE8-ABCB-F0C027AC483B}.Debug|x86.Build.0 = Debug|Win32
		{868FC123-AD3A-4AE8-ABCB-F0C027AC483B}.Release|x64.ActiveCfg = Release|x64
		{868FC123-AD3A-4AE8-ABCB-F0C027AC483B}.Release|x64.Build.0 = Release|x64
		{868FC123-AD3A-4AE8-ABCB-F0C027AC483B}.Release|x86.ActiveCfg = Release|Win32
		{868FC123-AD3A-4AE8-ABCB-F0C027AC483B}.Release|x86.Build.0 = Release|Win32
	EndGlobalSection
	GlobalSection(SolutionProperties) = preSolution
		HideSolutionNode = FALSE
	EndGlobalSection
EndGlobal
